
Microsoft Visual Studio Solution File, Format Version 12.00
# Visual Studio Version 16
VisualStudioVersion = 16.0.29806.167
MinimumVisualStudioVersion = 10.0.40219.1
Project("{FAE04EC0-301F-11D3-BF4B-00C04F79EFBC}") = "01.EasterLunch-Exam1", "ProgrammingBasicsOnlineExam-20And21April2019\01.EasterLunch-Exam1.csproj", "{F4109A22-EA7C-4116-87F7-AD3702E01AF4}"
EndProject
Project("{FAE04EC0-301F-11D3-BF4B-00C04F79EFBC}") = "02.EasterParty-Exam1", "02.EasterParty-Exam1\02.EasterParty-Exam1.csproj", "{CBE21148-9E0F-493F-8FAD-3B3D0C7C0F58}"
EndProject
Project("{FAE04EC0-301F-11D3-BF4B-00C04F79EFBC}") = "03.EasterTrip-Exam1", "03.EasterTrip-Exam1\03.EasterTrip-Exam1.csproj", "{44E53CF8-3A56-442C-B417-B517042E0711}"
EndProject
Project("{FAE04EC0-301F-11D3-BF4B-00C04F79EFBC}") = "04.EasterEggsBattle", "04.EasterEggsBattle\04.EasterEggsBattle.csproj", "{967ADFF6-19DD-46CF-9A80-F7A510E080E6}"
EndProject
Project("{FAE04EC0-301F-11D3-BF4B-00C04F79EFBC}") = "05.EasterEggs-Exam1", "05.EasterEggs-Exam1\05.EasterEggs-Exam1.csproj", "{90233593-5C56-4229-8E1B-3A4C880DA9E0}"
EndProject
Project("{FAE04EC0-301F-11D3-BF4B-00C04F79EFBC}") = "06.EasterCompetition-Exam1", "06.EasterCompetition-Exam1\06.EasterCompetition-Exam1.csproj", "{5A823850-815C-4520-9C84-7D2AEB34D5F9}"
EndProject
Project("{FAE04EC0-301F-11D3-BF4B-00C04F79EFBC}") = "01.EasterBakery-Exam2", "01.EasterBakery-Exam2\01.EasterBakery-Exam2.csproj", "{89DF8B2E-9B72-4F13-92B7-B871E5E18B01}"
EndProject
Project("{FAE04EC0-301F-11D3-BF4B-00C04F79EFBC}") = "02.EasterGuests-Exam2", "02.EasterGuests-Exam2\02.EasterGuests-Exam2.csproj", "{A2A44562-CA41-4DE7-A76F-B8789C1AE9EE}"
EndProject
Project("{FAE04EC0-301F-11D3-BF4B-00C04F79EFBC}") = "03.PaintingEggs-Exam2", "03.PaintingEggs-Exam2\03.PaintingEggs-Exam2.csproj", "{C5341FC8-759F-483F-9C62-BA12D9CFE734}"
EndProject
Project("{FAE04EC0-301F-11D3-BF4B-00C04F79EFBC}") = "04.EasterShop-Exam2", "04.EasterShop-Exam2\04.EasterShop-Exam2.csproj", "{FEE2BB9D-98DF-4418-9D6F-E2B1EE35628E}"
EndProject
Project("{FAE04EC0-301F-11D3-BF4B-00C04F79EFBC}") = "05.EasterBake-Exam2", "05.EasterBake-Exam2\05.EasterBake-Exam2.csproj", "{29EA3D8F-65F6-433D-9CD7-F17ABB22EDF1}"
EndProject
Project("{FAE04EC0-301F-11D3-BF4B-00C04F79EFBC}") = "06.EasterDecoration-Exam2", "06.EasterDecoration-Exam2\06.EasterDecoration-Exam2.csproj", "{3DF1BBAA-EC75-4D26-A64B-8F888D27C8F7}"
EndProject
Global
	GlobalSection(SolutionConfigurationPlatforms) = preSolution
		Debug|Any CPU = Debug|Any CPU
		Release|Any CPU = Release|Any CPU
	EndGlobalSection
	GlobalSection(ProjectConfigurationPlatforms) = postSolution
		{F4109A22-EA7C-4116-87F7-AD3702E01AF4}.Debug|Any CPU.ActiveCfg = Debug|Any CPU
		{F4109A22-EA7C-4116-87F7-AD3702E01AF4}.Debug|Any CPU.Build.0 = Debug|Any CPU
		{F4109A22-EA7C-4116-87F7-AD3702E01AF4}.Release|Any CPU.ActiveCfg = Release|Any CPU
		{F4109A22-EA7C-4116-87F7-AD3702E01AF4}.Release|Any CPU.Build.0 = Release|Any CPU
		{CBE21148-9E0F-493F-8FAD-3B3D0C7C0F58}.Debug|Any CPU.ActiveCfg = Debug|Any CPU
		{CBE21148-9E0F-493F-8FAD-3B3D0C7C0F58}.Debug|Any CPU.Build.0 = Debug|Any CPU
		{CBE21148-9E0F-493F-8FAD-3B3D0C7C0F58}.Release|Any CPU.ActiveCfg = Release|Any CPU
		{CBE21148-9E0F-493F-8FAD-3B3D0C7C0F58}.Release|Any CPU.Build.0 = Release|Any CPU
		{44E53CF8-3A56-442C-B417-B517042E0711}.Debug|Any CPU.ActiveCfg = Debug|Any CPU
		{44E53CF8-3A56-442C-B417-B517042E0711}.Debug|Any CPU.Build.0 = Debug|Any CPU
		{44E53CF8-3A56-442C-B417-B517042E0711}.Release|Any CPU.ActiveCfg = Release|Any CPU
		{44E53CF8-3A56-442C-B417-B517042E0711}.Release|Any CPU.Build.0 = Release|Any CPU
		{967ADFF6-19DD-46CF-9A80-F7A510E080E6}.Debug|Any CPU.ActiveCfg = Debug|Any CPU
		{967ADFF6-19DD-46CF-9A80-F7A510E080E6}.Debug|Any CPU.Build.0 = Debug|Any CPU
		{967ADFF6-19DD-46CF-9A80-F7A510E080E6}.Release|Any CPU.ActiveCfg = Release|Any CPU
		{967ADFF6-19DD-46CF-9A80-F7A510E080E6}.Release|Any CPU.Build.0 = Release|Any CPU
		{90233593-5C56-4229-8E1B-3A4C880DA9E0}.Debug|Any CPU.ActiveCfg = Debug|Any CPU
		{90233593-5C56-4229-8E1B-3A4C880DA9E0}.Debug|Any CPU.Build.0 = Debug|Any CPU
		{90233593-5C56-4229-8E1B-3A4C880DA9E0}.Release|Any CPU.ActiveCfg = Release|Any CPU
		{90233593-5C56-4229-8E1B-3A4C880DA9E0}.Release|Any CPU.Build.0 = Release|Any CPU
		{5A823850-815C-4520-9C84-7D2AEB34D5F9}.Debug|Any CPU.ActiveCfg = Debug|Any CPU
		{5A823850-815C-4520-9C84-7D2AEB34D5F9}.Debug|Any CPU.Build.0 = Debug|Any CPU
		{5A823850-815C-4520-9C84-7D2AEB34D5F9}.Release|Any CPU.ActiveCfg = Release|Any CPU
		{5A823850-815C-4520-9C84-7D2AEB34D5F9}.Release|Any CPU.Build.0 = Release|Any CPU
		{89DF8B2E-9B72-4F13-92B7-B871E5E18B01}.Debug|Any CPU.ActiveCfg = Debug|Any CPU
		{89DF8B2E-9B72-4F13-92B7-B871E5E18B01}.Debug|Any CPU.Build.0 = Debug|Any CPU
		{89DF8B2E-9B72-4F13-92B7-B871E5E18B01}.Release|Any CPU.ActiveCfg = Release|Any CPU
		{89DF8B2E-9B72-4F13-92B7-B871E5E18B01}.Release|Any CPU.Build.0 = Release|Any CPU
		{A2A44562-CA41-4DE7-A76F-B8789C1AE9EE}.Debug|Any CPU.ActiveCfg = Debug|Any CPU
		{A2A44562-CA41-4DE7-A76F-B8789C1AE9EE}.Debug|Any CPU.Build.0 = Debug|Any CPU
		{A2A44562-CA41-4DE7-A76F-B8789C1AE9EE}.Release|Any CPU.ActiveCfg = Release|Any CPU
		{A2A44562-CA41-4DE7-A76F-B8789C1AE9EE}.Release|Any CPU.Build.0 = Release|Any CPU
		{C5341FC8-759F-483F-9C62-BA12D9CFE734}.Debug|Any CPU.ActiveCfg = Debug|Any CPU
		{C5341FC8-759F-483F-9C62-BA12D9CFE734}.Debug|Any CPU.Build.0 = Debug|Any CPU
		{C5341FC8-759F-483F-9C62-BA12D9CFE734}.Release|Any CPU.ActiveCfg = Release|Any CPU
		{C5341FC8-759F-483F-9C62-BA12D9CFE734}.Release|Any CPU.Build.0 = Release|Any CPU
		{FEE2BB9D-98DF-4418-9D6F-E2B1EE35628E}.Debug|Any CPU.ActiveCfg = Debug|Any CPU
		{FEE2BB9D-98DF-4418-9D6F-E2B1EE35628E}.Debug|Any CPU.Build.0 = Debug|Any CPU
		{FEE2BB9D-98DF-4418-9D6F-E2B1EE35628E}.Release|Any CPU.ActiveCfg = Release|Any CPU
		{FEE2BB9D-98DF-4418-9D6F-E2B1EE35628E}.Release|Any CPU.Build.0 = Release|Any CPU
		{29EA3D8F-65F6-433D-9CD7-F17ABB22EDF1}.Debug|Any CPU.ActiveCfg = Debug|Any CPU
		{29EA3D8F-65F6-433D-9CD7-F17ABB22EDF1}.Debug|Any CPU.Build.0 = Debug|Any CPU
		{29EA3D8F-65F6-433D-9CD7-F17ABB22EDF1}.Release|Any CPU.ActiveCfg = Release|Any CPU
		{29EA3D8F-65F6-433D-9CD7-F17ABB22EDF1}.Release|Any CPU.Build.0 = Release|Any CPU
		{3DF1BBAA-EC75-4D26-A64B-8F888D27C8F7}.Debug|Any CPU.ActiveCfg = Debug|Any CPU
		{3DF1BBAA-EC75-4D26-A64B-8F888D27C8F7}.Debug|Any CPU.Build.0 = Debug|Any CPU
		{3DF1BBAA-EC75-4D26-A64B-8F888D27C8F7}.Release|Any CPU.ActiveCfg = Release|Any CPU
		{3DF1BBAA-EC75-4D26-A64B-8F888D27C8F7}.Release|Any CPU.Build.0 = Release|Any CPU
	EndGlobalSection
	GlobalSection(SolutionProperties) = preSolution
		HideSolutionNode = FALSE
	EndGlobalSection
	GlobalSection(ExtensibilityGlobals) = postSolution
		SolutionGuid = {89E98165-81AC-4BBA-A653-1055A11DF917}
	EndGlobalSection
EndGlobal
