
Microsoft Visual Studio Solution File, Format Version 12.00
# Visual Studio Version 16
VisualStudioVersion = 16.0.29806.167
MinimumVisualStudioVersion = 10.0.40219.1
Project("{9A19103F-16F7-4668-BE54-9A1E7A4F7556}") = "01. PointOnRectangleBorder", "04.NestedConditionalStatementsExercises\01. PointOnRectangleBorder.csproj", "{5833BFB3-0AB5-41A3-A4C3-BA1FFBC63EED}"
EndProject
Project("{9A19103F-16F7-4668-BE54-9A1E7A4F7556}") = "02.Cinems", "02.Cinems\02.Cinems.csproj", "{34E90DC5-6843-409D-861C-681FA7E7D9BA}"
EndProject
Project("{9A19103F-16F7-4668-BE54-9A1E7A4F7556}") = "03.SummerOutfit", "03.SummerOutfit\03.SummerOutfit.csproj", "{2C9A432D-D584-4F61-A328-83C2BCFAAE00}"
EndProject
Project("{9A19103F-16F7-4668-BE54-9A1E7A4F7556}") = "04. NewHouse", "04. NewHouse\04. NewHouse.csproj", "{FF87CFA9-1DA3-45D1-9B9C-578A889EF28E}"
EndProject
Project("{9A19103F-16F7-4668-BE54-9A1E7A4F7556}") = "05.FishingBoat", "05.FishingBoat\05.FishingBoat.csproj", "{CBBE29DF-42A3-4BEF-B018-48AA42C8362F}"
EndProject
Project("{9A19103F-16F7-4668-BE54-9A1E7A4F7556}") = "06.Journey", "06.Journey\06.Journey.csproj", "{139F82CB-AA09-4944-99E4-B01E0FC3910F}"
EndProject
Project("{9A19103F-16F7-4668-BE54-9A1E7A4F7556}") = "07.OperationsBetweenNumbers", "07.OperationsBetweenNumbers\07.OperationsBetweenNumbers.csproj", "{93C39C57-99B0-4AA6-8426-F13C33E5FBE9}"
EndProject
Project("{9A19103F-16F7-4668-BE54-9A1E7A4F7556}") = "08.HotelRoom", "08.HotelRoom\08.HotelRoom.csproj", "{2CB14F97-A642-46A2-9B45-8CC1F2440E95}"
EndProject
Project("{9A19103F-16F7-4668-BE54-9A1E7A4F7556}") = "09.OnTimeForTheExam", "09.OnTimeForTheExam\09.OnTimeForTheExam.csproj", "{6732D437-A909-4D27-9CB1-D239A6F027AB}"
EndProject
Project("{FAE04EC0-301F-11D3-BF4B-00C04F79EFBC}") = "10.Volleyball", "10.Volleyball\10.Volleyball.csproj", "{EB42DA8D-62A6-4061-A659-583B7205A76A}"
EndProject
Global
	GlobalSection(SolutionConfigurationPlatforms) = preSolution
		Debug|Any CPU = Debug|Any CPU
		Release|Any CPU = Release|Any CPU
	EndGlobalSection
	GlobalSection(ProjectConfigurationPlatforms) = postSolution
		{5833BFB3-0AB5-41A3-A4C3-BA1FFBC63EED}.Debug|Any CPU.ActiveCfg = Debug|Any CPU
		{5833BFB3-0AB5-41A3-A4C3-BA1FFBC63EED}.Debug|Any CPU.Build.0 = Debug|Any CPU
		{5833BFB3-0AB5-41A3-A4C3-BA1FFBC63EED}.Release|Any CPU.ActiveCfg = Release|Any CPU
		{5833BFB3-0AB5-41A3-A4C3-BA1FFBC63EED}.Release|Any CPU.Build.0 = Release|Any CPU
		{34E90DC5-6843-409D-861C-681FA7E7D9BA}.Debug|Any CPU.ActiveCfg = Debug|Any CPU
		{34E90DC5-6843-409D-861C-681FA7E7D9BA}.Debug|Any CPU.Build.0 = Debug|Any CPU
		{34E90DC5-6843-409D-861C-681FA7E7D9BA}.Release|Any CPU.ActiveCfg = Release|Any CPU
		{34E90DC5-6843-409D-861C-681FA7E7D9BA}.Release|Any CPU.Build.0 = Release|Any CPU
		{2C9A432D-D584-4F61-A328-83C2BCFAAE00}.Debug|Any CPU.ActiveCfg = Debug|Any CPU
		{2C9A432D-D584-4F61-A328-83C2BCFAAE00}.Debug|Any CPU.Build.0 = Debug|Any CPU
		{2C9A432D-D584-4F61-A328-83C2BCFAAE00}.Release|Any CPU.ActiveCfg = Release|Any CPU
		{2C9A432D-D584-4F61-A328-83C2BCFAAE00}.Release|Any CPU.Build.0 = Release|Any CPU
		{FF87CFA9-1DA3-45D1-9B9C-578A889EF28E}.Debug|Any CPU.ActiveCfg = Debug|Any CPU
		{FF87CFA9-1DA3-45D1-9B9C-578A889EF28E}.Debug|Any CPU.Build.0 = Debug|Any CPU
		{FF87CFA9-1DA3-45D1-9B9C-578A889EF28E}.Release|Any CPU.ActiveCfg = Release|Any CPU
		{FF87CFA9-1DA3-45D1-9B9C-578A889EF28E}.Release|Any CPU.Build.0 = Release|Any CPU
		{CBBE29DF-42A3-4BEF-B018-48AA42C8362F}.Debug|Any CPU.ActiveCfg = Debug|Any CPU
		{CBBE29DF-42A3-4BEF-B018-48AA42C8362F}.Debug|Any CPU.Build.0 = Debug|Any CPU
		{CBBE29DF-42A3-4BEF-B018-48AA42C8362F}.Release|Any CPU.ActiveCfg = Release|Any CPU
		{CBBE29DF-42A3-4BEF-B018-48AA42C8362F}.Release|Any CPU.Build.0 = Release|Any CPU
		{139F82CB-AA09-4944-99E4-B01E0FC3910F}.Debug|Any CPU.ActiveCfg = Debug|Any CPU
		{139F82CB-AA09-4944-99E4-B01E0FC3910F}.Debug|Any CPU.Build.0 = Debug|Any CPU
		{139F82CB-AA09-4944-99E4-B01E0FC3910F}.Release|Any CPU.ActiveCfg = Release|Any CPU
		{139F82CB-AA09-4944-99E4-B01E0FC3910F}.Release|Any CPU.Build.0 = Release|Any CPU
		{93C39C57-99B0-4AA6-8426-F13C33E5FBE9}.Debug|Any CPU.ActiveCfg = Debug|Any CPU
		{93C39C57-99B0-4AA6-8426-F13C33E5FBE9}.Debug|Any CPU.Build.0 = Debug|Any CPU
		{93C39C57-99B0-4AA6-8426-F13C33E5FBE9}.Release|Any CPU.ActiveCfg = Release|Any CPU
		{93C39C57-99B0-4AA6-8426-F13C33E5FBE9}.Release|Any CPU.Build.0 = Release|Any CPU
		{2CB14F97-A642-46A2-9B45-8CC1F2440E95}.Debug|Any CPU.ActiveCfg = Debug|Any CPU
		{2CB14F97-A642-46A2-9B45-8CC1F2440E95}.Debug|Any CPU.Build.0 = Debug|Any CPU
		{2CB14F97-A642-46A2-9B45-8CC1F2440E95}.Release|Any CPU.ActiveCfg = Release|Any CPU
		{2CB14F97-A642-46A2-9B45-8CC1F2440E95}.Release|Any CPU.Build.0 = Release|Any CPU
		{6732D437-A909-4D27-9CB1-D239A6F027AB}.Debug|Any CPU.ActiveCfg = Debug|Any CPU
		{6732D437-A909-4D27-9CB1-D239A6F027AB}.Debug|Any CPU.Build.0 = Debug|Any CPU
		{6732D437-A909-4D27-9CB1-D239A6F027AB}.Release|Any CPU.ActiveCfg = Release|Any CPU
		{6732D437-A909-4D27-9CB1-D239A6F027AB}.Release|Any CPU.Build.0 = Release|Any CPU
		{EB42DA8D-62A6-4061-A659-583B7205A76A}.Debug|Any CPU.ActiveCfg = Debug|Any CPU
		{EB42DA8D-62A6-4061-A659-583B7205A76A}.Debug|Any CPU.Build.0 = Debug|Any CPU
		{EB42DA8D-62A6-4061-A659-583B7205A76A}.Release|Any CPU.ActiveCfg = Release|Any CPU
		{EB42DA8D-62A6-4061-A659-583B7205A76A}.Release|Any CPU.Build.0 = Release|Any CPU
	EndGlobalSection
	GlobalSection(SolutionProperties) = preSolution
		HideSolutionNode = FALSE
	EndGlobalSection
	GlobalSection(ExtensibilityGlobals) = postSolution
		SolutionGuid = {9E3360D9-B39A-47D1-BF82-FC40436936A0}
	EndGlobalSection
EndGlobal
